
Microsoft Visual Studio Solution File, Format Version 12.00
# Visual Studio Version 17
VisualStudioVersion = 17.6.33801.468
MinimumVisualStudioVersion = 10.0.40219.1
Project("{9A19103F-16F7-4668-BE54-9A1E7A4F7556}") = "Test Driven Development", "Test Driven Development\Test Driven Development.csproj", "{52225F44-2FEB-4E17-B0A1-014A865A17A7}"
EndProject
Global
	GlobalSection(SolutionConfigurationPlatforms) = preSolution
		Debug|Any CPU = Debug|Any CPU
		Release|Any CPU = Release|Any CPU
	EndGlobalSection
	GlobalSection(ProjectConfigurationPlatforms) = postSolution
		{52225F44-2FEB-4E17-B0A1-014A865A17A7}.Debug|Any CPU.ActiveCfg = Debug|Any CPU
		{52225F44-2FEB-4E17-B0A1-014A865A17A7}.Debug|Any CPU.Build.0 = Debug|Any CPU
		{52225F44-2FEB-4E17-B0A1-014A865A17A7}.Release|Any CPU.ActiveCfg = Release|Any CPU
		{52225F44-2FEB-4E17-B0A1-014A865A17A7}.Release|Any CPU.Build.0 = Release|Any CPU
	EndGlobalSection
	GlobalSection(SolutionProperties) = preSolution
		HideSolutionNode = FALSE
	EndGlobalSection
	GlobalSection(ExtensibilityGlobals) = postSolution
		SolutionGuid = {EC1B99BC-8893-47F7-A172-9920EB8C379E}
	EndGlobalSection
EndGlobal
